
Microsoft Visual Studio Solution File, Format Version 12.00
# Visual Studio Version 16
VisualStudioVersion = 16.0.30309.148
MinimumVisualStudioVersion = 10.0.40219.1
Project("{FAE04EC0-301F-11D3-BF4B-00C04F79EFBC}") = "Recruitment.API", "Recruitment.API\Recruitment.API.csproj", "{3B2FF5D7-D1D5-4BC4-B5DF-BE6D51E209C2}"
EndProject
Project("{FAE04EC0-301F-11D3-BF4B-00C04F79EFBC}") = "Recruitment.Functions", "Recruitment.Functions\Recruitment.Functions.csproj", "{345ED82D-AAAC-4341-843E-DBE5AF7858E4}"
EndProject
Project("{FAE04EC0-301F-11D3-BF4B-00C04F79EFBC}") = "Recruitment.Contracts", "Recruitment.Contracts\Recruitment.Contracts.csproj", "{B91AD4A5-F5C0-4F75-B141-734522C87879}"
EndProject
Project("{FAE04EC0-301F-11D3-BF4B-00C04F79EFBC}") = "Recuitment.Tests", "Recuitment.Tests\Recuitment.Tests.csproj", "{7BF01C09-99AD-4DA0-BF75-4DD81745CFC8}"
EndProject
Global
	GlobalSection(SolutionConfigurationPlatforms) = preSolution
		Debug|Any CPU = Debug|Any CPU
		Release|Any CPU = Release|Any CPU
	EndGlobalSection
	GlobalSection(ProjectConfigurationPlatforms) = postSolution
		{3B2FF5D7-D1D5-4BC4-B5DF-BE6D51E209C2}.Debug|Any CPU.ActiveCfg = Debug|Any CPU
		{3B2FF5D7-D1D5-4BC4-B5DF-BE6D51E209C2}.Debug|Any CPU.Build.0 = Debug|Any CPU
		{3B2FF5D7-D1D5-4BC4-B5DF-BE6D51E209C2}.Release|Any CPU.ActiveCfg = Release|Any CPU
		{3B2FF5D7-D1D5-4BC4-B5DF-BE6D51E209C2}.Release|Any CPU.Build.0 = Release|Any CPU
		{345ED82D-AAAC-4341-843E-DBE5AF7858E4}.Debug|Any CPU.ActiveCfg = Debug|Any CPU
		{345ED82D-AAAC-4341-843E-DBE5AF7858E4}.Debug|Any CPU.Build.0 = Debug|Any CPU
		{345ED82D-AAAC-4341-843E-DBE5AF7858E4}.Release|Any CPU.ActiveCfg = Release|Any CPU
		{345ED82D-AAAC-4341-843E-DBE5AF7858E4}.Release|Any CPU.Build.0 = Release|Any CPU
		{B91AD4A5-F5C0-4F75-B141-734522C87879}.Debug|Any CPU.ActiveCfg = Debug|Any CPU
		{B91AD4A5-F5C0-4F75-B141-734522C87879}.Debug|Any CPU.Build.0 = Debug|Any CPU
		{B91AD4A5-F5C0-4F75-B141-734522C87879}.Release|Any CPU.ActiveCfg = Release|Any CPU
		{B91AD4A5-F5C0-4F75-B141-734522C87879}.Release|Any CPU.Build.0 = Release|Any CPU
		{7BF01C09-99AD-4DA0-BF75-4DD81745CFC8}.Debug|Any CPU.ActiveCfg = Debug|Any CPU
		{7BF01C09-99AD-4DA0-BF75-4DD81745CFC8}.Debug|Any CPU.Build.0 = Debug|Any CPU
		{7BF01C09-99AD-4DA0-BF75-4DD81745CFC8}.Release|Any CPU.ActiveCfg = Release|Any CPU
		{7BF01C09-99AD-4DA0-BF75-4DD81745CFC8}.Release|Any CPU.Build.0 = Release|Any CPU
	EndGlobalSection
	GlobalSection(SolutionProperties) = preSolution
		HideSolutionNode = FALSE
	EndGlobalSection
	GlobalSection(ExtensibilityGlobals) = postSolution
		SolutionGuid = {5560897D-D220-44F4-AA2C-DC4ABFC2ED05}
	EndGlobalSection
EndGlobal
